
Microsoft Visual Studio Solution File, Format Version 12.00
# Visual Studio 15
VisualStudioVersion = 15.0.28307.852
MinimumVisualStudioVersion = 10.0.40219.1
Project("{FAE04EC0-301F-11D3-BF4B-00C04F79EFBC}") = "soccerLeagues.Common", "soccerLeagues.Common\soccerLeagues.Common.csproj", "{C805E184-28A0-4680-846E-4719F8D4BF95}"
EndProject
Project("{FAE04EC0-301F-11D3-BF4B-00C04F79EFBC}") = "soccerLeagues.Web", "soccerLeagues.Web\soccerLeagues.Web.csproj", "{7533F55F-D03F-4416-A09B-1E49AD717B3F}"
EndProject
Project("{FAE04EC0-301F-11D3-BF4B-00C04F79EFBC}") = "soccerLeagues.Prism", "soccerLeagues.Prism\soccerLeagues.Prism\soccerLeagues.Prism.csproj", "{B7515ABD-B01E-4146-8184-6ADEA8608FEB}"
EndProject
Project("{FAE04EC0-301F-11D3-BF4B-00C04F79EFBC}") = "soccerLeagues.Prism.Android", "soccerLeagues.Prism\soccerLeagues.Prism.Android\soccerLeagues.Prism.Android.csproj", "{F57A589A-73AD-4911-A7FD-5C1DA3C19F93}"
EndProject
Project("{FAE04EC0-301F-11D3-BF4B-00C04F79EFBC}") = "soccerLeagues.Prism.iOS", "soccerLeagues.Prism\soccerLeagues.Prism.iOS\soccerLeagues.Prism.iOS.csproj", "{107B5923-9590-432E-842D-8A75AC166E63}"
EndProject
Project("{FAE04EC0-301F-11D3-BF4B-00C04F79EFBC}") = "soccerLeagues.Cross.Android", "soccerLeagues.Cross.Android\soccerLeagues.Cross.Android.csproj", "{170334CC-49C4-42A9-8B27-2844673CD0D6}"
EndProject
Project("{FAE04EC0-301F-11D3-BF4B-00C04F79EFBC}") = "soccerLeagues.Cross.iOS", "soccerLeagues.Cross.iOS\soccerLeagues.Cross.iOS.csproj", "{80A96B52-6758-4BDB-B0B4-CEA4CA155C60}"
EndProject
Global
	GlobalSection(SolutionConfigurationPlatforms) = preSolution
		Ad-Hoc|Any CPU = Ad-Hoc|Any CPU
		Ad-Hoc|iPhone = Ad-Hoc|iPhone
		Ad-Hoc|iPhoneSimulator = Ad-Hoc|iPhoneSimulator
		AppStore|Any CPU = AppStore|Any CPU
		AppStore|iPhone = AppStore|iPhone
		AppStore|iPhoneSimulator = AppStore|iPhoneSimulator
		Debug|Any CPU = Debug|Any CPU
		Debug|iPhone = Debug|iPhone
		Debug|iPhoneSimulator = Debug|iPhoneSimulator
		Release|Any CPU = Release|Any CPU
		Release|iPhone = Release|iPhone
		Release|iPhoneSimulator = Release|iPhoneSimulator
	EndGlobalSection
	GlobalSection(ProjectConfigurationPlatforms) = postSolution
		{C805E184-28A0-4680-846E-4719F8D4BF95}.Ad-Hoc|Any CPU.ActiveCfg = Debug|Any CPU
		{C805E184-28A0-4680-846E-4719F8D4BF95}.Ad-Hoc|Any CPU.Build.0 = Debug|Any CPU
		{C805E184-28A0-4680-846E-4719F8D4BF95}.Ad-Hoc|iPhone.ActiveCfg = Debug|Any CPU
		{C805E184-28A0-4680-846E-4719F8D4BF95}.Ad-Hoc|iPhone.Build.0 = Debug|Any CPU
		{C805E184-28A0-4680-846E-4719F8D4BF95}.Ad-Hoc|iPhoneSimulator.ActiveCfg = Debug|Any CPU
		{C805E184-28A0-4680-846E-4719F8D4BF95}.Ad-Hoc|iPhoneSimulator.Build.0 = Debug|Any CPU
		{C805E184-28A0-4680-846E-4719F8D4BF95}.AppStore|Any CPU.ActiveCfg = Debug|Any CPU
		{C805E184-28A0-4680-846E-4719F8D4BF95}.AppStore|Any CPU.Build.0 = Debug|Any CPU
		{C805E184-28A0-4680-846E-4719F8D4BF95}.AppStore|iPhone.ActiveCfg = Debug|Any CPU
		{C805E184-28A0-4680-846E-4719F8D4BF95}.AppStore|iPhone.Build.0 = Debug|Any CPU
		{C805E184-28A0-4680-846E-4719F8D4BF95}.AppStore|iPhoneSimulator.ActiveCfg = Debug|Any CPU
		{C805E184-28A0-4680-846E-4719F8D4BF95}.AppStore|iPhoneSimulator.Build.0 = Debug|Any CPU
		{C805E184-28A0-4680-846E-4719F8D4BF95}.Debug|Any CPU.ActiveCfg = Debug|Any CPU
		{C805E184-28A0-4680-846E-4719F8D4BF95}.Debug|Any CPU.Build.0 = Debug|Any CPU
		{C805E184-28A0-4680-846E-4719F8D4BF95}.Debug|iPhone.ActiveCfg = Debug|Any CPU
		{C805E184-28A0-4680-846E-4719F8D4BF95}.Debug|iPhone.Build.0 = Debug|Any CPU
		{C805E184-28A0-4680-846E-4719F8D4BF95}.Debug|iPhoneSimulator.ActiveCfg = Debug|Any CPU
		{C805E184-28A0-4680-846E-4719F8D4BF95}.Debug|iPhoneSimulator.Build.0 = Debug|Any CPU
		{C805E184-28A0-4680-846E-4719F8D4BF95}.Release|Any CPU.ActiveCfg = Release|Any CPU
		{C805E184-28A0-4680-846E-4719F8D4BF95}.Release|Any CPU.Build.0 = Release|Any CPU
		{C805E184-28A0-4680-846E-4719F8D4BF95}.Release|iPhone.ActiveCfg = Release|Any CPU
		{C805E184-28A0-4680-846E-4719F8D4BF95}.Release|iPhone.Build.0 = Release|Any CPU
		{C805E184-28A0-4680-846E-4719F8D4BF95}.Release|iPhoneSimulator.ActiveCfg = Release|Any CPU
		{C805E184-28A0-4680-846E-4719F8D4BF95}.Release|iPhoneSimulator.Build.0 = Release|Any CPU
		{7533F55F-D03F-4416-A09B-1E49AD717B3F}.Ad-Hoc|Any CPU.ActiveCfg = Debug|Any CPU
		{7533F55F-D03F-4416-A09B-1E49AD717B3F}.Ad-Hoc|Any CPU.Build.0 = Debug|Any CPU
		{7533F55F-D03F-4416-A09B-1E49AD717B3F}.Ad-Hoc|iPhone.ActiveCfg = Debug|Any CPU
		{7533F55F-D03F-4416-A09B-1E49AD717B3F}.Ad-Hoc|iPhone.Build.0 = Debug|Any CPU
		{7533F55F-D03F-4416-A09B-1E49AD717B3F}.Ad-Hoc|iPhoneSimulator.ActiveCfg = Debug|Any CPU
		{7533F55F-D03F-4416-A09B-1E49AD717B3F}.Ad-Hoc|iPhoneSimulator.Build.0 = Debug|Any CPU
		{7533F55F-D03F-4416-A09B-1E49AD717B3F}.AppStore|Any CPU.ActiveCfg = Debug|Any CPU
		{7533F55F-D03F-4416-A09B-1E49AD717B3F}.AppStore|Any CPU.Build.0 = Debug|Any CPU
		{7533F55F-D03F-4416-A09B-1E49AD717B3F}.AppStore|iPhone.ActiveCfg = Debug|Any CPU
		{7533F55F-D03F-4416-A09B-1E49AD717B3F}.AppStore|iPhone.Build.0 = Debug|Any CPU
		{7533F55F-D03F-4416-A09B-1E49AD717B3F}.AppStore|iPhoneSimulator.ActiveCfg = Debug|Any CPU
		{7533F55F-D03F-4416-A09B-1E49AD717B3F}.AppStore|iPhoneSimulator.Build.0 = Debug|Any CPU
		{7533F55F-D03F-4416-A09B-1E49AD717B3F}.Debug|Any CPU.ActiveCfg = Debug|Any CPU
		{7533F55F-D03F-4416-A09B-1E49AD717B3F}.Debug|Any CPU.Build.0 = Debug|Any CPU
		{7533F55F-D03F-4416-A09B-1E49AD717B3F}.Debug|iPhone.ActiveCfg = Debug|Any CPU
		{7533F55F-D03F-4416-A09B-1E49AD717B3F}.Debug|iPhone.Build.0 = Debug|Any CPU
		{7533F55F-D03F-4416-A09B-1E49AD717B3F}.Debug|iPhoneSimulator.ActiveCfg = Debug|Any CPU
		{7533F55F-D03F-4416-A09B-1E49AD717B3F}.Debug|iPhoneSimulator.Build.0 = Debug|Any CPU
		{7533F55F-D03F-4416-A09B-1E49AD717B3F}.Release|Any CPU.ActiveCfg = Release|Any CPU
		{7533F55F-D03F-4416-A09B-1E49AD717B3F}.Release|Any CPU.Build.0 = Release|Any CPU
		{7533F55F-D03F-4416-A09B-1E49AD717B3F}.Release|iPhone.ActiveCfg = Release|Any CPU
		{7533F55F-D03F-4416-A09B-1E49AD717B3F}.Release|iPhone.Build.0 = Release|Any CPU
		{7533F55F-D03F-4416-A09B-1E49AD717B3F}.Release|iPhoneSimulator.ActiveCfg = Release|Any CPU
		{7533F55F-D03F-4416-A09B-1E49AD717B3F}.Release|iPhoneSimulator.Build.0 = Release|Any CPU
		{B7515ABD-B01E-4146-8184-6ADEA8608FEB}.Ad-Hoc|Any CPU.ActiveCfg = Debug|Any CPU
		{B7515ABD-B01E-4146-8184-6ADEA8608FEB}.Ad-Hoc|Any CPU.Build.0 = Debug|Any CPU
		{B7515ABD-B01E-4146-8184-6ADEA8608FEB}.Ad-Hoc|iPhone.ActiveCfg = Debug|Any CPU
		{B7515ABD-B01E-4146-8184-6ADEA8608FEB}.Ad-Hoc|iPhone.Build.0 = Debug|Any CPU
		{B7515ABD-B01E-4146-8184-6ADEA8608FEB}.Ad-Hoc|iPhoneSimulator.ActiveCfg = Debug|Any CPU
		{B7515ABD-B01E-4146-8184-6ADEA8608FEB}.Ad-Hoc|iPhoneSimulator.Build.0 = Debug|Any CPU
		{B7515ABD-B01E-4146-8184-6ADEA8608FEB}.AppStore|Any CPU.ActiveCfg = Debug|Any CPU
		{B7515ABD-B01E-4146-8184-6ADEA8608FEB}.AppStore|Any CPU.Build.0 = Debug|Any CPU
		{B7515ABD-B01E-4146-8184-6ADEA8608FEB}.AppStore|iPhone.ActiveCfg = Debug|Any CPU
		{B7515ABD-B01E-4146-8184-6ADEA8608FEB}.AppStore|iPhone.Build.0 = Debug|Any CPU
		{B7515ABD-B01E-4146-8184-6ADEA8608FEB}.AppStore|iPhoneSimulator.ActiveCfg = Debug|Any CPU
		{B7515ABD-B01E-4146-8184-6ADEA8608FEB}.AppStore|iPhoneSimulator.Build.0 = Debug|Any CPU
		{B7515ABD-B01E-4146-8184-6ADEA8608FEB}.Debug|Any CPU.ActiveCfg = Debug|Any CPU
		{B7515ABD-B01E-4146-8184-6ADEA8608FEB}.Debug|Any CPU.Build.0 = Debug|Any CPU
		{B7515ABD-B01E-4146-8184-6ADEA8608FEB}.Debug|iPhone.ActiveCfg = Debug|Any CPU
		{B7515ABD-B01E-4146-8184-6ADEA8608FEB}.Debug|iPhone.Build.0 = Debug|Any CPU
		{B7515ABD-B01E-4146-8184-6ADEA8608FEB}.Debug|iPhoneSimulator.ActiveCfg = Debug|Any CPU
		{B7515ABD-B01E-4146-8184-6ADEA8608FEB}.Debug|iPhoneSimulator.Build.0 = Debug|Any CPU
		{B7515ABD-B01E-4146-8184-6ADEA8608FEB}.Release|Any CPU.ActiveCfg = Release|Any CPU
		{B7515ABD-B01E-4146-8184-6ADEA8608FEB}.Release|Any CPU.Build.0 = Release|Any CPU
		{B7515ABD-B01E-4146-8184-6ADEA8608FEB}.Release|iPhone.ActiveCfg = Release|Any CPU
		{B7515ABD-B01E-4146-8184-6ADEA8608FEB}.Release|iPhone.Build.0 = Release|Any CPU
		{B7515ABD-B01E-4146-8184-6ADEA8608FEB}.Release|iPhoneSimulator.ActiveCfg = Release|Any CPU
		{B7515ABD-B01E-4146-8184-6ADEA8608FEB}.Release|iPhoneSimulator.Build.0 = Release|Any CPU
		{F57A589A-73AD-4911-A7FD-5C1DA3C19F93}.Ad-Hoc|Any CPU.ActiveCfg = Release|Any CPU
		{F57A589A-73AD-4911-A7FD-5C1DA3C19F93}.Ad-Hoc|Any CPU.Build.0 = Release|Any CPU
		{F57A589A-73AD-4911-A7FD-5C1DA3C19F93}.Ad-Hoc|Any CPU.Deploy.0 = Release|Any CPU
		{F57A589A-73AD-4911-A7FD-5C1DA3C19F93}.Ad-Hoc|iPhone.ActiveCfg = Release|Any CPU
		{F57A589A-73AD-4911-A7FD-5C1DA3C19F93}.Ad-Hoc|iPhone.Build.0 = Release|Any CPU
		{F57A589A-73AD-4911-A7FD-5C1DA3C19F93}.Ad-Hoc|iPhone.Deploy.0 = Release|Any CPU
		{F57A589A-73AD-4911-A7FD-5C1DA3C19F93}.Ad-Hoc|iPhoneSimulator.ActiveCfg = Release|Any CPU
		{F57A589A-73AD-4911-A7FD-5C1DA3C19F93}.Ad-Hoc|iPhoneSimulator.Build.0 = Release|Any CPU
		{F57A589A-73AD-4911-A7FD-5C1DA3C19F93}.Ad-Hoc|iPhoneSimulator.Deploy.0 = Release|Any CPU
		{F57A589A-73AD-4911-A7FD-5C1DA3C19F93}.AppStore|Any CPU.ActiveCfg = Release|Any CPU
		{F57A589A-73AD-4911-A7FD-5C1DA3C19F93}.AppStore|Any CPU.Build.0 = Release|Any CPU
		{F57A589A-73AD-4911-A7FD-5C1DA3C19F93}.AppStore|Any CPU.Deploy.0 = Release|Any CPU
		{F57A589A-73AD-4911-A7FD-5C1DA3C19F93}.AppStore|iPhone.ActiveCfg = Release|Any CPU
		{F57A589A-73AD-4911-A7FD-5C1DA3C19F93}.AppStore|iPhone.Build.0 = Release|Any CPU
		{F57A589A-73AD-4911-A7FD-5C1DA3C19F93}.AppStore|iPhone.Deploy.0 = Release|Any CPU
		{F57A589A-73AD-4911-A7FD-5C1DA3C19F93}.AppStore|iPhoneSimulator.ActiveCfg = Release|Any CPU
		{F57A589A-73AD-4911-A7FD-5C1DA3C19F93}.AppStore|iPhoneSimulator.Build.0 = Release|Any CPU
		{F57A589A-73AD-4911-A7FD-5C1DA3C19F93}.AppStore|iPhoneSimulator.Deploy.0 = Release|Any CPU
		{F57A589A-73AD-4911-A7FD-5C1DA3C19F93}.Debug|Any CPU.ActiveCfg = Debug|Any CPU
		{F57A589A-73AD-4911-A7FD-5C1DA3C19F93}.Debug|Any CPU.Build.0 = Debug|Any CPU
		{F57A589A-73AD-4911-A7FD-5C1DA3C19F93}.Debug|Any CPU.Deploy.0 = Debug|Any CPU
		{F57A589A-73AD-4911-A7FD-5C1DA3C19F93}.Debug|iPhone.ActiveCfg = Debug|Any CPU
		{F57A589A-73AD-4911-A7FD-5C1DA3C19F93}.Debug|iPhone.Build.0 = Debug|Any CPU
		{F57A589A-73AD-4911-A7FD-5C1DA3C19F93}.Debug|iPhone.Deploy.0 = Debug|Any CPU
		{F57A589A-73AD-4911-A7FD-5C1DA3C19F93}.Debug|iPhoneSimulator.ActiveCfg = Debug|Any CPU
		{F57A589A-73AD-4911-A7FD-5C1DA3C19F93}.Debug|iPhoneSimulator.Build.0 = Debug|Any CPU
		{F57A589A-73AD-4911-A7FD-5C1DA3C19F93}.Debug|iPhoneSimulator.Deploy.0 = Debug|Any CPU
		{F57A589A-73AD-4911-A7FD-5C1DA3C19F93}.Release|Any CPU.ActiveCfg = Release|Any CPU
		{F57A589A-73AD-4911-A7FD-5C1DA3C19F93}.Release|Any CPU.Build.0 = Release|Any CPU
		{F57A589A-73AD-4911-A7FD-5C1DA3C19F93}.Release|Any CPU.Deploy.0 = Release|Any CPU
		{F57A589A-73AD-4911-A7FD-5C1DA3C19F93}.Release|iPhone.ActiveCfg = Release|Any CPU
		{F57A589A-73AD-4911-A7FD-5C1DA3C19F93}.Release|iPhone.Build.0 = Release|Any CPU
		{F57A589A-73AD-4911-A7FD-5C1DA3C19F93}.Release|iPhone.Deploy.0 = Release|Any CPU
		{F57A589A-73AD-4911-A7FD-5C1DA3C19F93}.Release|iPhoneSimulator.ActiveCfg = Release|Any CPU
		{F57A589A-73AD-4911-A7FD-5C1DA3C19F93}.Release|iPhoneSimulator.Build.0 = Release|Any CPU
		{F57A589A-73AD-4911-A7FD-5C1DA3C19F93}.Release|iPhoneSimulator.Deploy.0 = Release|Any CPU
		{107B5923-9590-432E-842D-8A75AC166E63}.Ad-Hoc|Any CPU.ActiveCfg = Ad-Hoc|iPhone
		{107B5923-9590-432E-842D-8A75AC166E63}.Ad-Hoc|iPhone.ActiveCfg = Ad-Hoc|iPhone
		{107B5923-9590-432E-842D-8A75AC166E63}.Ad-Hoc|iPhone.Build.0 = Ad-Hoc|iPhone
		{107B5923-9590-432E-842D-8A75AC166E63}.Ad-Hoc|iPhoneSimulator.ActiveCfg = Ad-Hoc|iPhoneSimulator
		{107B5923-9590-432E-842D-8A75AC166E63}.Ad-Hoc|iPhoneSimulator.Build.0 = Ad-Hoc|iPhoneSimulator
		{107B5923-9590-432E-842D-8A75AC166E63}.AppStore|Any CPU.ActiveCfg = AppStore|iPhone
		{107B5923-9590-432E-842D-8A75AC166E63}.AppStore|iPhone.ActiveCfg = AppStore|iPhone
		{107B5923-9590-432E-842D-8A75AC166E63}.AppStore|iPhone.Build.0 = AppStore|iPhone
		{107B5923-9590-432E-842D-8A75AC166E63}.AppStore|iPhoneSimulator.ActiveCfg = AppStore|iPhoneSimulator
		{107B5923-9590-432E-842D-8A75AC166E63}.AppStore|iPhoneSimulator.Build.0 = AppStore|iPhoneSimulator
		{107B5923-9590-432E-842D-8A75AC166E63}.Debug|Any CPU.ActiveCfg = Debug|iPhone
		{107B5923-9590-432E-842D-8A75AC166E63}.Debug|iPhone.ActiveCfg = Debug|iPhone
		{107B5923-9590-432E-842D-8A75AC166E63}.Debug|iPhone.Build.0 = Debug|iPhone
		{107B5923-9590-432E-842D-8A75AC166E63}.Debug|iPhoneSimulator.ActiveCfg = Debug|iPhoneSimulator
		{107B5923-9590-432E-842D-8A75AC166E63}.Debug|iPhoneSimulator.Build.0 = Debug|iPhoneSimulator
		{107B5923-9590-432E-842D-8A75AC166E63}.Release|Any CPU.ActiveCfg = Release|iPhone
		{107B5923-9590-432E-842D-8A75AC166E63}.Release|iPhone.ActiveCfg = Release|iPhone
		{107B5923-9590-432E-842D-8A75AC166E63}.Release|iPhone.Build.0 = Release|iPhone
		{107B5923-9590-432E-842D-8A75AC166E63}.Release|iPhoneSimulator.ActiveCfg = Release|iPhoneSimulator
		{107B5923-9590-432E-842D-8A75AC166E63}.Release|iPhoneSimulator.Build.0 = Release|iPhoneSimulator
		{170334CC-49C4-42A9-8B27-2844673CD0D6}.Ad-Hoc|Any CPU.ActiveCfg = Release|Any CPU
		{170334CC-49C4-42A9-8B27-2844673CD0D6}.Ad-Hoc|Any CPU.Build.0 = Release|Any CPU
		{170334CC-49C4-42A9-8B27-2844673CD0D6}.Ad-Hoc|Any CPU.Deploy.0 = Release|Any CPU
		{170334CC-49C4-42A9-8B27-2844673CD0D6}.Ad-Hoc|iPhone.ActiveCfg = Release|Any CPU
		{170334CC-49C4-42A9-8B27-2844673CD0D6}.Ad-Hoc|iPhone.Build.0 = Release|Any CPU
		{170334CC-49C4-42A9-8B27-2844673CD0D6}.Ad-Hoc|iPhone.Deploy.0 = Release|Any CPU
		{170334CC-49C4-42A9-8B27-2844673CD0D6}.Ad-Hoc|iPhoneSimulator.ActiveCfg = Release|Any CPU
		{170334CC-49C4-42A9-8B27-2844673CD0D6}.Ad-Hoc|iPhoneSimulator.Build.0 = Release|Any CPU
		{170334CC-49C4-42A9-8B27-2844673CD0D6}.Ad-Hoc|iPhoneSimulator.Deploy.0 = Release|Any CPU
		{170334CC-49C4-42A9-8B27-2844673CD0D6}.AppStore|Any CPU.ActiveCfg = Release|Any CPU
		{170334CC-49C4-42A9-8B27-2844673CD0D6}.AppStore|Any CPU.Build.0 = Release|Any CPU
		{170334CC-49C4-42A9-8B27-2844673CD0D6}.AppStore|Any CPU.Deploy.0 = Release|Any CPU
		{170334CC-49C4-42A9-8B27-2844673CD0D6}.AppStore|iPhone.ActiveCfg = Release|Any CPU
		{170334CC-49C4-42A9-8B27-2844673CD0D6}.AppStore|iPhone.Build.0 = Release|Any CPU
		{170334CC-49C4-42A9-8B27-2844673CD0D6}.AppStore|iPhone.Deploy.0 = Release|Any CPU
		{170334CC-49C4-42A9-8B27-2844673CD0D6}.AppStore|iPhoneSimulator.ActiveCfg = Release|Any CPU
		{170334CC-49C4-42A9-8B27-2844673CD0D6}.AppStore|iPhoneSimulator.Build.0 = Release|Any CPU
		{170334CC-49C4-42A9-8B27-2844673CD0D6}.AppStore|iPhoneSimulator.Deploy.0 = Release|Any CPU
		{170334CC-49C4-42A9-8B27-2844673CD0D6}.Debug|Any CPU.ActiveCfg = Debug|Any CPU
		{170334CC-49C4-42A9-8B27-2844673CD0D6}.Debug|Any CPU.Build.0 = Debug|Any CPU
		{170334CC-49C4-42A9-8B27-2844673CD0D6}.Debug|Any CPU.Deploy.0 = Debug|Any CPU
		{170334CC-49C4-42A9-8B27-2844673CD0D6}.Debug|iPhone.ActiveCfg = Debug|Any CPU
		{170334CC-49C4-42A9-8B27-2844673CD0D6}.Debug|iPhone.Build.0 = Debug|Any CPU
		{170334CC-49C4-42A9-8B27-2844673CD0D6}.Debug|iPhone.Deploy.0 = Debug|Any CPU
		{170334CC-49C4-42A9-8B27-2844673CD0D6}.Debug|iPhoneSimulator.ActiveCfg = Debug|Any CPU
		{170334CC-49C4-42A9-8B27-2844673CD0D6}.Debug|iPhoneSimulator.Build.0 = Debug|Any CPU
		{170334CC-49C4-42A9-8B27-2844673CD0D6}.Debug|iPhoneSimulator.Deploy.0 = Debug|Any CPU
		{170334CC-49C4-42A9-8B27-2844673CD0D6}.Release|Any CPU.ActiveCfg = Release|Any CPU
		{170334CC-49C4-42A9-8B27-2844673CD0D6}.Release|Any CPU.Build.0 = Release|Any CPU
		{170334CC-49C4-42A9-8B27-2844673CD0D6}.Release|Any CPU.Deploy.0 = Release|Any CPU
		{170334CC-49C4-42A9-8B27-2844673CD0D6}.Release|iPhone.ActiveCfg = Release|Any CPU
		{170334CC-49C4-42A9-8B27-2844673CD0D6}.Release|iPhone.Build.0 = Release|Any CPU
		{170334CC-49C4-42A9-8B27-2844673CD0D6}.Release|iPhone.Deploy.0 = Release|Any CPU
		{170334CC-49C4-42A9-8B27-2844673CD0D6}.Release|iPhoneSimulator.ActiveCfg = Release|Any CPU
		{170334CC-49C4-42A9-8B27-2844673CD0D6}.Release|iPhoneSimulator.Build.0 = Release|Any CPU
		{170334CC-49C4-42A9-8B27-2844673CD0D6}.Release|iPhoneSimulator.Deploy.0 = Release|Any CPU
		{80A96B52-6758-4BDB-B0B4-CEA4CA155C60}.Ad-Hoc|Any CPU.ActiveCfg = Release|iPhone
		{80A96B52-6758-4BDB-B0B4-CEA4CA155C60}.Ad-Hoc|Any CPU.Build.0 = Release|iPhone
		{80A96B52-6758-4BDB-B0B4-CEA4CA155C60}.Ad-Hoc|iPhone.ActiveCfg = Release|iPhone
		{80A96B52-6758-4BDB-B0B4-CEA4CA155C60}.Ad-Hoc|iPhone.Build.0 = Release|iPhone
		{80A96B52-6758-4BDB-B0B4-CEA4CA155C60}.Ad-Hoc|iPhoneSimulator.ActiveCfg = Release|iPhoneSimulator
		{80A96B52-6758-4BDB-B0B4-CEA4CA155C60}.Ad-Hoc|iPhoneSimulator.Build.0 = Release|iPhoneSimulator
		{80A96B52-6758-4BDB-B0B4-CEA4CA155C60}.AppStore|Any CPU.ActiveCfg = Release|iPhone
		{80A96B52-6758-4BDB-B0B4-CEA4CA155C60}.AppStore|Any CPU.Build.0 = Release|iPhone
		{80A96B52-6758-4BDB-B0B4-CEA4CA155C60}.AppStore|iPhone.ActiveCfg = Release|iPhone
		{80A96B52-6758-4BDB-B0B4-CEA4CA155C60}.AppStore|iPhone.Build.0 = Release|iPhone
		{80A96B52-6758-4BDB-B0B4-CEA4CA155C60}.AppStore|iPhoneSimulator.ActiveCfg = Release|iPhoneSimulator
		{80A96B52-6758-4BDB-B0B4-CEA4CA155C60}.AppStore|iPhoneSimulator.Build.0 = Release|iPhoneSimulator
		{80A96B52-6758-4BDB-B0B4-CEA4CA155C60}.Debug|Any CPU.ActiveCfg = Debug|iPhone
		{80A96B52-6758-4BDB-B0B4-CEA4CA155C60}.Debug|iPhone.ActiveCfg = Debug|iPhone
		{80A96B52-6758-4BDB-B0B4-CEA4CA155C60}.Debug|iPhone.Build.0 = Debug|iPhone
		{80A96B52-6758-4BDB-B0B4-CEA4CA155C60}.Debug|iPhoneSimulator.ActiveCfg = Debug|iPhoneSimulator
		{80A96B52-6758-4BDB-B0B4-CEA4CA155C60}.Debug|iPhoneSimulator.Build.0 = Debug|iPhoneSimulator
		{80A96B52-6758-4BDB-B0B4-CEA4CA155C60}.Release|Any CPU.ActiveCfg = Release|iPhone
		{80A96B52-6758-4BDB-B0B4-CEA4CA155C60}.Release|iPhone.ActiveCfg = Release|iPhone
		{80A96B52-6758-4BDB-B0B4-CEA4CA155C60}.Release|iPhone.Build.0 = Release|iPhone
		{80A96B52-6758-4BDB-B0B4-CEA4CA155C60}.Release|iPhoneSimulator.ActiveCfg = Release|iPhoneSimulator
		{80A96B52-6758-4BDB-B0B4-CEA4CA155C60}.Release|iPhoneSimulator.Build.0 = Release|iPhoneSimulator
	EndGlobalSection
	GlobalSection(SolutionProperties) = preSolution
		HideSolutionNode = FALSE
	EndGlobalSection
	GlobalSection(ExtensibilityGlobals) = postSolution
		SolutionGuid = {9648B5E1-A4F3-4EDD-A1D5-C84794CD435C}
	EndGlobalSection
EndGlobal
